// !$*UTF8*$!
{
	archiveVersion = 1;
	classes = {
	};
	objectVersion = 46;
	objects = {

/* Begin PBXBuildFile section */
		DC5780131D4DF990006F9291 /* AppDelegate.swift in Sources */ = {isa = PBXBuildFile; fileRef = DC5780121D4DF990006F9291 /* AppDelegate.swift */; };
		DC5780151D4DF990006F9291 /* ViewController.swift in Sources */ = {isa = PBXBuildFile; fileRef = DC5780141D4DF990006F9291 /* ViewController.swift */; };
		DC5780181D4DF990006F9291 /* Main.storyboard in Resources */ = {isa = PBXBuildFile; fileRef = DC5780161D4DF990006F9291 /* Main.storyboard */; };
		DC57801A1D4DF990006F9291 /* Assets.xcassets in Resources */ = {isa = PBXBuildFile; fileRef = DC5780191D4DF990006F9291 /* Assets.xcassets */; };
		DC57801D1D4DF990006F9291 /* LaunchScreen.storyboard in Resources */ = {isa = PBXBuildFile; fileRef = DC57801B1D4DF990006F9291 /* LaunchScreen.storyboard */; };
		DC5780251D4DFABB006F9291 /* mist.jpg in Resources */ = {isa = PBXBuildFile; fileRef = DC5780241D4DFABB006F9291 /* mist.jpg */; };
/* End PBXBuildFile section */

/* Begin PBXFileReference section */
		DC57800F1D4DF990006F9291 /* Weather App.app */ = {isa = PBXFileReference; explicitFileType = wrapper.application; includeInIndex = 0; path = "Weather App.app"; sourceTree = BUILT_PRODUCTS_DIR; };
		DC5780121D4DF990006F9291 /* AppDelegate.swift */ = {isa = PBXFileReference; lastKnownFileType = sourcecode.swift; path = AppDelegate.swift; sourceTree = "<group>"; };
		DC5780141D4DF990006F9291 /* ViewController.swift */ = {isa = PBXFileReference; lastKnownFileType = sourcecode.swift; path = ViewController.swift; sourceTree = "<group>"; };
		DC5780171D4DF990006F9291 /* Base */ = {isa = PBXFileReference; lastKnownFileType = file.storyboard; name = Base; path = Base.lproj/Main.storyboard; sourceTree = "<group>"; };
		DC5780191D4DF990006F9291 /* Assets.xcassets */ = {isa = PBXFileReference; lastKnownFileType = folder.assetcatalog; path = Assets.xcassets; sourceTree = "<group>"; };
		DC57801C1D4DF990006F9291 /* Base */ = {isa = PBXFileReference; lastKnownFileType = file.storyboard; name = Base; path = Base.lproj/LaunchScreen.storyboard; sourceTree = "<group>"; };
		DC57801E1D4DF990006F9291 /* Info.plist */ = {isa = PBXFileReference; lastKnownFileType = text.plist.xml; path = Info.plist; sourceTree = "<group>"; };
		DC5780241D4DFABB006F9291 /* mist.jpg */ = {isa = PBXFileReference; lastKnownFileType = image.jpeg; path = mist.jpg; sourceTree = "<group>"; };
/* End PBXFileReference section */

/* Begin PBXFrameworksBuildPhase section */
		DC57800C1D4DF990006F9291 /* Frameworks */ = {
			isa = PBXFrameworksBuildPhase;
			buildActionMask = 2147483647;
			files = (
			);
			runOnlyForDeploymentPostprocessing = 0;
		};
/* End PBXFrameworksBuildPhase section */

/* Begin PBXGroup section */
		DC5780061D4DF990006F9291 = {
			isa = PBXGroup;
			children = (
				DC5780111D4DF990006F9291 /* Weather App */,
				DC5780101D4DF990006F9291 /* Products */,
			);
			sourceTree = "<group>";
		};
		DC5780101D4DF990006F9291 /* Products */ = {
			isa = PBXGroup;
			children = (
				DC57800F1D4DF990006F9291 /* Weather App.app */,
			);
			name = Products;
			sourceTree = "<group>";
		};
		DC5780111D4DF990006F9291 /* Weather App */ = {
			isa = PBXGroup;
			children = (
				DC5780121D4DF990006F9291 /* AppDelegate.swift */,
				DC5780141D4DF990006F9291 /* ViewController.swift */,
				DC5780161D4DF990006F9291 /* Main.storyboard */,
				DC5780261D4DFAD1006F9291 /* images */,
				DC5780191D4DF990006F9291 /* Assets.xcassets */,
				DC57801B1D4DF990006F9291 /* LaunchScreen.storyboard */,
				DC57801E1D4DF990006F9291 /* Info.plist */,
			);
			path = "Weather App";
			sourceTree = "<group>";
		};
		DC5780261D4DFAD1006F9291 /* images */ = {
			isa = PBXGroup;
			children = (
				DC5780241D4DFABB006F9291 /* mist.jpg */,
			);
			name = images;
			sourceTree = "<group>";
		};
/* End PBXGroup section */

/* Begin PBXNativeTarget section */
		DC57800E1D4DF990006F9291 /* Weather App */ = {
			isa = PBXNativeTarget;
			buildConfigurationList = DC5780211D4DF990006F9291 /* Build configuration list for PBXNativeTarget "Weather App" */;
			buildPhases = (
				DC57800B1D4DF990006F9291 /* Sources */,
				DC57800C1D4DF990006F9291 /* Frameworks */,
				DC57800D1D4DF990006F9291 /* Resources */,
			);
			buildRules = (
			);
			dependencies = (
			);
			name = "Weather App";
			productName = "Weather App";
			productReference = DC57800F1D4DF990006F9291 /* Weather App.app */;
			productType = "com.apple.product-type.application";
		};
/* End PBXNativeTarget section */

/* Begin PBXProject section */
		DC5780071D4DF990006F9291 /* Project object */ = {
			isa = PBXProject;
			attributes = {
				LastSwiftUpdateCheck = 0800;
				LastUpgradeCheck = 0800;
				ORGANIZATIONNAME = luminator.technology.com;
				TargetAttributes = {
					DC57800E1D4DF990006F9291 = {
						CreatedOnToolsVersion = 8.0;
						DevelopmentTeam = W2L76H8G3Y;
						DevelopmentTeamName = "Stephen Maitland";
						ProvisioningStyle = Automatic;
					};
				};
			};
			buildConfigurationList = DC57800A1D4DF990006F9291 /* Build configuration list for PBXProject "Weather App" */;
			compatibilityVersion = "Xcode 3.2";
			developmentRegion = English;
			hasScannedForEncodings = 0;
			knownRegions = (
				en,
				Base,
			);
			mainGroup = DC5780061D4DF990006F9291;
			productRefGroup = DC5780101D4DF990006F9291 /* Products */;
			projectDirPath = "";
			projectRoot = "";
			targets = (
				DC57800E1D4DF990006F9291 /* Weather App */,
			);
		};
/* End PBXProject section */

/* Begin PBXResourcesBuildPhase section */
		DC57800D1D4DF990006F9291 /* Resources */ = {
			isa = PBXResourcesBuildPhase;
			buildActionMask = 2147483647;
			files = (
				DC5780251D4DFABB006F9291 /* mist.jpg in Resources */,
				DC57801D1D4DF990006F9291 /* LaunchScreen.storyboard in Resources */,
				DC57801A1D4DF990006F9291 /* Assets.xcassets in Resources */,
				DC5780181D4DF990006F9291 /* Main.storyboard in Resources */,
			);
			runOnlyForDeploymentPostprocessing = 0;
		};
/* End PBXResourcesBuildPhase section */

/* Begin PBXSourcesBuildPhase section */
		DC57800B1D4DF990006F9291 /* Sources */ = {
			isa = PBXSourcesBuildPhase;
			buildActionMask = 2147483647;
			files = (
				DC5780151D4DF990006F9291 /* ViewController.swift in Sources */,
				DC5780131D4DF990006F9291 /* AppDelegate.swift in Sources */,
			);
			runOnlyForDeploymentPostprocessing = 0;
		};
/* End PBXSourcesBuildPhase section */

/* Begin PBXVariantGroup section */
		DC5780161D4DF990006F9291 /* Main.storyboard */ = {
			isa = PBXVariantGroup;
			children = (
				DC5780171D4DF990006F9291 /* Base */,
			);
			name = Main.storyboard;
			sourceTree = "<group>";
		};
		DC57801B1D4DF990006F9291 /* LaunchScreen.storyboard */ = {
			isa = PBXVariantGroup;
			children = (
				DC57801C1D4DF990006F9291 /* Base */,
			);
			name = LaunchScreen.storyboard;
			sourceTree = "<group>";
		};
/* End PBXVariantGroup section */

/* Begin XCBuildConfiguration section */
		DC57801F1D4DF990006F9291 /* Debug */ = {
			isa = XCBuildConfiguration;
			buildSettings = {
				ALWAYS_SEARCH_USER_PATHS = NO;
				CLANG_ANALYZER_NONNULL = YES;
				CLANG_CXX_LANGUAGE_STANDARD = "gnu++0x";
				CLANG_CXX_LIBRARY = "libc++";
				CLANG_ENABLE_MODULES = YES;
				CLANG_ENABLE_OBJC_ARC = YES;
				CLANG_WARN_BOOL_CONVERSION = YES;
				CLANG_WARN_CONSTANT_CONVERSION = YES;
				CLANG_WARN_DIRECT_OBJC_ISA_USAGE = YES_ERROR;
				CLANG_WARN_DOCUMENTATION_COMMENTS = YES;
				CLANG_WARN_EMPTY_BODY = YES;
				CLANG_WARN_ENUM_CONVERSION = YES;
				CLANG_WARN_INT_CONVERSION = YES;
				CLANG_WARN_OBJC_ROOT_CLASS = YES_ERROR;
				CLANG_WARN_UNREACHABLE_CODE = YES;
				CLANG_WARN__DUPLICATE_METHOD_MATCH = YES;
				"CODE_SIGN_IDENTITY[sdk=iphoneos*]" = "iPhone Developer";
				COPY_PHASE_STRIP = NO;
				DEBUG_INFORMATION_FORMAT = dwarf;
				ENABLE_STRICT_OBJC_MSGSEND = YES;
				ENABLE_TESTABILITY = YES;
				GCC_C_LANGUAGE_STANDARD = gnu99;
				GCC_DYNAMIC_NO_PIC = NO;
				GCC_NO_COMMON_BLOCKS = YES;
				GCC_OPTIMIZATION_LEVEL = 0;
				GCC_PREPROCESSOR_DEFINITIONS = (
					"DEBUG=1",
					"$(inherited)",
				);
				GCC_WARN_64_TO_32_BIT_CONVERSION = YES;
				GCC_WARN_ABOUT_RETURN_TYPE = YES_ERROR;
				GCC_WARN_UNDECLARED_SELECTOR = YES;
				GCC_WARN_UNINITIALIZED_AUTOS = YES_AGGRESSIVE;
				GCC_WARN_UNUSED_FUNCTION = YES;
				GCC_WARN_UNUSED_VARIABLE = YES;
				IPHONEOS_DEPLOYMENT_TARGET = 10.0;
				MTL_ENABLE_DEBUG_INFO = YES;
				ONLY_ACTIVE_ARCH = YES;
				SDKROOT = iphoneos;
				SWIFT_ACTIVE_COMPILATION_CONDITIONS = DEBUG;
				SWIFT_OPTIMIZATION_LEVEL = "-Onone";
			};
			name = Debug;
		};
		DC5780201D4DF990006F9291 /* Release */ = {
			isa = XCBuildConfiguration;
			buildSettings = {
				ALWAYS_SEARCH_USER_PATHS = NO;
				CLANG_ANALYZER_NONNULL = YES;
				CLANG_CXX_LANGUAGE_STANDARD = "gnu++0x";
				CLANG_CXX_LIBRARY = "libc++";
				CLANG_ENABLE_MODULES = YES;
				CLANG_ENABLE_OBJC_ARC = YES;
				CLANG_WARN_BOOL_CONVERSION = YES;
				CLANG_WARN_CONSTANT_CONVERSION = YES;
				CLANG_WARN_DIRECT_OBJC_ISA_USAGE = YES_ERROR;
				CLANG_WARN_DOCUMENTATION_COMMENTS = YES;
				CLANG_WARN_EMPTY_BODY = YES;
				CLANG_WARN_ENUM_CONVERSION = YES;
				CLANG_WARN_INT_CONVERSION = YES;
				CLANG_WARN_OBJC_ROOT_CLASS = YES_ERROR;
				CLANG_WARN_UNREACHABLE_CODE = YES;
				CLANG_WARN__DUPLICATE_METHOD_MATCH = YES;
				"CODE_SIGN_IDENTITY[sdk=iphoneos*]" = "iPhone Developer";
				COPY_PHASE_STRIP = NO;
				DEBUG_INFORMATION_FORMAT = "dwarf-with-dsym";
				ENABLE_NS_ASSERTIONS = NO;
				ENABLE_STRICT_OBJC_MSGSEND = YES;
				GCC_C_LANGUAGE_STANDARD = gnu99;
				GCC_NO_COMMON_BLOCKS = YES;
				GCC_WARN_64_TO_32_BIT_CONVERSION = YES;
				GCC_WARN_ABOUT_RETURN_TYPE = YES_ERROR;
				GCC_WARN_UNDECLARED_SELECTOR = YES;
				GCC_WARN_UNINITIALIZED_AUTOS = YES_AGGRESSIVE;
				GCC_WARN_UNUSED_FUNCTION = YES;
				GCC_WARN_UNUSED_VARIABLE = YES;
				IPHONEOS_DEPLOYMENT_TARGET = 10.0;
				MTL_ENABLE_DEBUG_INFO = NO;
				SDKROOT = iphoneos;
				SWIFT_OPTIMIZATION_LEVEL = "-Owholemodule";
				VALIDATE_PRODUCT = YES;
			};
			name = Release;
		};
		DC5780221D4DF990006F9291 /* Debug */ = {
			isa = XCBuildConfiguration;
			buildSettings = {
				ASSETCATALOG_COMPILER_APPICON_NAME = AppIcon;
				INFOPLIST_FILE = "Weather App/Info.plist";
				LD_RUNPATH_SEARCH_PATHS = "$(inherited) @executable_path/Frameworks";
				PRODUCT_BUNDLE_IDENTIFIER = "com.technology.luminator.Weather-App";
				PRODUCT_NAME = "$(TARGET_NAME)";
				SWIFT_VERSION = 3.0;
			};
			name = Debug;
		};
		DC5780231D4DF990006F9291 /* Release */ = {
			isa = XCBuildConfiguration;
			buildSettings = {
				ASSETCATALOG_COMPILER_APPICON_NAME = AppIcon;
				INFOPLIST_FILE = "Weather App/Info.plist";
				LD_RUNPATH_SEARCH_PATHS = "$(inherited) @executable_path/Frameworks";
				PRODUCT_BUNDLE_IDENTIFIER = "com.technology.luminator.Weather-App";
				PRODUCT_NAME = "$(TARGET_NAME)";
				SWIFT_VERSION = 3.0;
			};
			name = Release;
		};
/* End XCBuildConfiguration section */

/* Begin XCConfigurationList section */
		DC57800A1D4DF990006F9291 /* Build configuration list for PBXProject "Weather App" */ = {
			isa = XCConfigurationList;
			buildConfigurations = (
				DC57801F1D4DF990006F9291 /* Debug */,
				DC5780201D4DF990006F9291 /* Release */,
			);
			defaultConfigurationIsVisible = 0;
			defaultConfigurationName = Release;
		};
		DC5780211D4DF990006F9291 /* Build configuration list for PBXNativeTarget "Weather App" */ = {
			isa = XCConfigurationList;
			buildConfigurations = (
				DC5780221D4DF990006F9291 /* Debug */,
				DC5780231D4DF990006F9291 /* Release */,
			);
			defaultConfigurationIsVisible = 0;
		};
/* End XCConfigurationList section */
	};
	rootObject = DC5780071D4DF990006F9291 /* Project object */;
}
